Microsoft Visual Studio Solution File, Format Version 12.00
# Visual Studio 2013
Project("{8BC9CEB8-8B4A-11D0-8D11-00A0C91BC942}") = "ALL_BUILD", "ALL_BUILD.vcxproj", "{54A427AF-7618-47C3-8309-567E8430F1AC}"
	ProjectSection(ProjectDependencies) = postProject
		{88AAB4BD-B5E7-445A-9365-90189A0A10D7} = {88AAB4BD-B5E7-445A-9365-90189A0A10D7}
		{62BBAE12-02C2-42DD-B162-6D4DAC687BA5} = {62BBAE12-02C2-42DD-B162-6D4DAC687BA5}
		{8CC73156-677E-478A-A850-0D037152A5FE} = {8CC73156-677E-478A-A850-0D037152A5FE}
		{D2B72959-FE04-44E9-8B7D-D39A5A12D0C2} = {D2B72959-FE04-44E9-8B7D-D39A5A12D0C2}
	EndProjectSection
EndProject
Project("{8BC9CEB8-8B4A-11D0-8D11-00A0C91BC942}") = "Cube", "Cube.vcxproj", "{88AAB4BD-B5E7-445A-9365-90189A0A10D7}"
	ProjectSection(ProjectDependencies) = postProject
		{8CC73156-677E-478A-A850-0D037152A5FE} = {8CC73156-677E-478A-A850-0D037152A5FE}
	EndProjectSection
EndProject
Project("{8BC9CEB8-8B4A-11D0-8D11-00A0C91BC942}") = "TutorialCreate", "TutorialCreate.vcxproj", "{62BBAE12-02C2-42DD-B162-6D4DAC687BA5}"
	ProjectSection(ProjectDependencies) = postProject
		{8CC73156-677E-478A-A850-0D037152A5FE} = {8CC73156-677E-478A-A850-0D037152A5FE}
	EndProjectSection
EndProject
Project("{8BC9CEB8-8B4A-11D0-8D11-00A0C91BC942}") = "ZERO_CHECK", "ZERO_CHECK.vcxproj", "{8CC73156-677E-478A-A850-0D037152A5FE}"
	ProjectSection(ProjectDependencies) = postProject
	EndProjectSection
EndProject
Project("{8BC9CEB8-8B4A-11D0-8D11-00A0C91BC942}") = "colorTriangle", "colorTriangle.vcxproj", "{D2B72959-FE04-44E9-8B7D-D39A5A12D0C2}"
	ProjectSection(ProjectDependencies) = postProject
		{8CC73156-677E-478A-A850-0D037152A5FE} = {8CC73156-677E-478A-A850-0D037152A5FE}
	EndProjectSection
EndProject
Project("{2150E333-8FDC-42A3-9474-1A3956D46DE8}") = "CMakePredefinedTargets", "CMakePredefinedTargets", "{9E8083D3-1960-41D4-BB6F-018F6259C57F}"
EndProject
Project("{2150E333-8FDC-42A3-9474-1A3956D46DE8}") = "test", "test", "{FFD297E6-8BB7-46C0-B0A0-21A4D41CB11C}"
EndProject
Global
	GlobalSection(SolutionConfigurationPlatforms) = preSolution
		Debug|Win32 = Debug|Win32
		Release|Win32 = Release|Win32
		MinSizeRel|Win32 = MinSizeRel|Win32
		RelWithDebInfo|Win32 = RelWithDebInfo|Win32
	EndGlobalSection
	GlobalSection(ProjectConfigurationPlatforms) = postSolution
		{54A427AF-7618-47C3-8309-567E8430F1AC}.Debug|Win32.ActiveCfg = Debug|Win32
		{54A427AF-7618-47C3-8309-567E8430F1AC}.Release|Win32.ActiveCfg = Release|Win32
		{54A427AF-7618-47C3-8309-567E8430F1AC}.MinSizeRel|Win32.ActiveCfg = MinSizeRel|Win32
		{54A427AF-7618-47C3-8309-567E8430F1AC}.RelWithDebInfo|Win32.ActiveCfg = RelWithDebInfo|Win32
		{88AAB4BD-B5E7-445A-9365-90189A0A10D7}.Debug|Win32.ActiveCfg = Debug|Win32
		{88AAB4BD-B5E7-445A-9365-90189A0A10D7}.Debug|Win32.Build.0 = Debug|Win32
		{88AAB4BD-B5E7-445A-9365-90189A0A10D7}.Release|Win32.ActiveCfg = Release|Win32
		{88AAB4BD-B5E7-445A-9365-90189A0A10D7}.Release|Win32.Build.0 = Release|Win32
		{88AAB4BD-B5E7-445A-9365-90189A0A10D7}.MinSizeRel|Win32.ActiveCfg = MinSizeRel|Win32
		{88AAB4BD-B5E7-445A-9365-90189A0A10D7}.MinSizeRel|Win32.Build.0 = MinSizeRel|Win32
		{88AAB4BD-B5E7-445A-9365-90189A0A10D7}.RelWithDebInfo|Win32.ActiveCfg = RelWithDebInfo|Win32
		{88AAB4BD-B5E7-445A-9365-90189A0A10D7}.RelWithDebInfo|Win32.Build.0 = RelWithDebInfo|Win32
		{62BBAE12-02C2-42DD-B162-6D4DAC687BA5}.Debug|Win32.ActiveCfg = Debug|Win32
		{62BBAE12-02C2-42DD-B162-6D4DAC687BA5}.Debug|Win32.Build.0 = Debug|Win32
		{62BBAE12-02C2-42DD-B162-6D4DAC687BA5}.Release|Win32.ActiveCfg = Release|Win32
		{62BBAE12-02C2-42DD-B162-6D4DAC687BA5}.Release|Win32.Build.0 = Release|Win32
		{62BBAE12-02C2-42DD-B162-6D4DAC687BA5}.MinSizeRel|Win32.ActiveCfg = MinSizeRel|Win32
		{62BBAE12-02C2-42DD-B162-6D4DAC687BA5}.MinSizeRel|Win32.Build.0 = MinSizeRel|Win32
		{62BBAE12-02C2-42DD-B162-6D4DAC687BA5}.RelWithDebInfo|Win32.ActiveCfg = RelWithDebInfo|Win32
		{62BBAE12-02C2-42DD-B162-6D4DAC687BA5}.RelWithDebInfo|Win32.Build.0 = RelWithDebInfo|Win32
		{8CC73156-677E-478A-A850-0D037152A5FE}.Debug|Win32.ActiveCfg = Debug|Win32
		{8CC73156-677E-478A-A850-0D037152A5FE}.Debug|Win32.Build.0 = Debug|Win32
		{8CC73156-677E-478A-A850-0D037152A5FE}.Release|Win32.ActiveCfg = Release|Win32
		{8CC73156-677E-478A-A850-0D037152A5FE}.Release|Win32.Build.0 = Release|Win32
		{8CC73156-677E-478A-A850-0D037152A5FE}.MinSizeRel|Win32.ActiveCfg = MinSizeRel|Win32
		{8CC73156-677E-478A-A850-0D037152A5FE}.MinSizeRel|Win32.Build.0 = MinSizeRel|Win32
		{8CC73156-677E-478A-A850-0D037152A5FE}.RelWithDebInfo|Win32.ActiveCfg = RelWithDebInfo|Win32
		{8CC73156-677E-478A-A850-0D037152A5FE}.RelWithDebInfo|Win32.Build.0 = RelWithDebInfo|Win32
		{D2B72959-FE04-44E9-8B7D-D39A5A12D0C2}.Debug|Win32.ActiveCfg = Debug|Win32
		{D2B72959-FE04-44E9-8B7D-D39A5A12D0C2}.Debug|Win32.Build.0 = Debug|Win32
		{D2B72959-FE04-44E9-8B7D-D39A5A12D0C2}.Release|Win32.ActiveCfg = Release|Win32
		{D2B72959-FE04-44E9-8B7D-D39A5A12D0C2}.Release|Win32.Build.0 = Release|Win32
		{D2B72959-FE04-44E9-8B7D-D39A5A12D0C2}.MinSizeRel|Win32.ActiveCfg = MinSizeRel|Win32
		{D2B72959-FE04-44E9-8B7D-D39A5A12D0C2}.MinSizeRel|Win32.Build.0 = MinSizeRel|Win32
		{D2B72959-FE04-44E9-8B7D-D39A5A12D0C2}.RelWithDebInfo|Win32.ActiveCfg = RelWithDebInfo|Win32
		{D2B72959-FE04-44E9-8B7D-D39A5A12D0C2}.RelWithDebInfo|Win32.Build.0 = RelWithDebInfo|Win32
	EndGlobalSection
	GlobalSection(NestedProjects) = preSolution
		{8CC73156-677E-478A-A850-0D037152A5FE} = {9E8083D3-1960-41D4-BB6F-018F6259C57F}
		{88AAB4BD-B5E7-445A-9365-90189A0A10D7} = {FFD297E6-8BB7-46C0-B0A0-21A4D41CB11C}
		{62BBAE12-02C2-42DD-B162-6D4DAC687BA5} = {FFD297E6-8BB7-46C0-B0A0-21A4D41CB11C}
		{D2B72959-FE04-44E9-8B7D-D39A5A12D0C2} = {FFD297E6-8BB7-46C0-B0A0-21A4D41CB11C}
	EndGlobalSection
	GlobalSection(ExtensibilityGlobals) = postSolution
	EndGlobalSection
	GlobalSection(ExtensibilityAddIns) = postSolution
	EndGlobalSection
EndGlobal
